
Microsoft Visual Studio Solution File, Format Version 12.00
# Visual Studio Version 17
VisualStudioVersion = 17.3.32811.315
MinimumVisualStudioVersion = 10.0.40219.1
Project("{FAE04EC0-301F-11D3-BF4B-00C04F79EFBC}") = "Desafio_3", "Desafio_3\Desafio_3.csproj", "{621C3457-7794-4225-980D-4F1A1E9939DF}"
EndProject
Global
	GlobalSection(SolutionConfigurationPlatforms) = preSolution
		Debug|Any CPU = Debug|Any CPU
		Release|Any CPU = Release|Any CPU
	EndGlobalSection
	GlobalSection(ProjectConfigurationPlatforms) = postSolution
		{621C3457-7794-4225-980D-4F1A1E9939DF}.Debug|Any CPU.ActiveCfg = Debug|Any CPU
		{621C3457-7794-4225-980D-4F1A1E9939DF}.Debug|Any CPU.Build.0 = Debug|Any CPU
		{621C3457-7794-4225-980D-4F1A1E9939DF}.Release|Any CPU.ActiveCfg = Release|Any CPU
		{621C3457-7794-4225-980D-4F1A1E9939DF}.Release|Any CPU.Build.0 = Release|Any CPU
	EndGlobalSection
	GlobalSection(SolutionProperties) = preSolution
		HideSolutionNode = FALSE
	EndGlobalSection
	GlobalSection(ExtensibilityGlobals) = postSolution
		SolutionGuid = {2908C6DC-BF1B-4E55-B337-99451D64E3F3}
	EndGlobalSection
EndGlobal
